// !$*UTF8*$!
{
	archiveVersion = 1;
	classes = {
	};
	objectVersion = 70;
	objects = {

/* Begin PBXBuildFile section */
		784AA26929A6F8340067872C /* Localizable.strings in Resources */ = {isa = PBXBuildFile; fileRef = 784AA26B29A6F8340067872C /* Localizable.strings */; };
		78820E2A2D2ED4E800AA6807 /* Strings.swift in Sources */ = {isa = PBXBuildFile; fileRef = 78820E292D2ED4E800AA6807 /* Strings.swift */; };
		78D171E22996A55D00276578 /* ShoppingListByStoreApp.swift in Sources */ = {isa = PBXBuildFile; fileRef = 78D171E12996A55D00276578 /* ShoppingListByStoreApp.swift */; };
		78D171E62996A55F00276578 /* Assets.xcassets in Resources */ = {isa = PBXBuildFile; fileRef = 78D171E52996A55F00276578 /* Assets.xcassets */; };
		78D171E92996A55F00276578 /* Preview Assets.xcassets in Resources */ = {isa = PBXBuildFile; fileRef = 78D171E82996A55F00276578 /* Preview Assets.xcassets */; };
		78D171F22996A79A00276578 /* DataModel.swift in Sources */ = {isa = PBXBuildFile; fileRef = 78D171F12996A79A00276578 /* DataModel.swift */; };
		78D171F42996A81600276578 /* ViewModel.swift in Sources */ = {isa = PBXBuildFile; fileRef = 78D171F32996A81600276578 /* ViewModel.swift */; };
		78D171F62998251000276578 /* Extensions.swift in Sources */ = {isa = PBXBuildFile; fileRef = 78D171F52998251000276578 /* Extensions.swift */; };
		78F2E8702D0A44EF00070F35 /* Enums.swift in Sources */ = {isa = PBXBuildFile; fileRef = 78F2E86F2D0A44EF00070F35 /* Enums.swift */; };
		78F2E8722D0CC28100070F35 /* ErrorView.swift in Sources */ = {isa = PBXBuildFile; fileRef = 78F2E8712D0CC28100070F35 /* ErrorView.swift */; };
		78F2E8DA2D19EE7200070F35 /* LaunchScreen.storyboard in Resources */ = {isa = PBXBuildFile; fileRef = 78F2E8D92D19EE7200070F35 /* LaunchScreen.storyboard */; };
/* End PBXBuildFile section */

/* Begin PBXFileReference section */
		78820E292D2ED4E800AA6807 /* Strings.swift */ = {isa = PBXFileReference; lastKnownFileType = sourcecode.swift; path = Strings.swift; sourceTree = "<group>"; };
		78820E942D514B2900AA6807 /* en */ = {isa = PBXFileReference; fileEncoding = 10; lastKnownFileType = text.plist.strings; lineEnding = 0; name = en; path = en.lproj/Localizable.strings; sourceTree = "<group>"; };
		78D171DE2996A55D00276578 /* StoreWiseShoppingList.app */ = {isa = PBXFileReference; explicitFileType = wrapper.application; includeInIndex = 0; path = StoreWiseShoppingList.app; sourceTree = BUILT_PRODUCTS_DIR; };
		78D171E12996A55D00276578 /* ShoppingListByStoreApp.swift */ = {isa = PBXFileReference; lastKnownFileType = sourcecode.swift; path = ShoppingListByStoreApp.swift; sourceTree = "<group>"; };
		78D171E52996A55F00276578 /* Assets.xcassets */ = {isa = PBXFileReference; lastKnownFileType = folder.assetcatalog; path = Assets.xcassets; sourceTree = "<group>"; };
		78D171E82996A55F00276578 /* Preview Assets.xcassets */ = {isa = PBXFileReference; lastKnownFileType = folder.assetcatalog; path = "Preview Assets.xcassets"; sourceTree = "<group>"; };
		78D171F12996A79A00276578 /* DataModel.swift */ = {isa = PBXFileReference; lastKnownFileType = sourcecode.swift; path = DataModel.swift; sourceTree = "<group>"; };
		78D171F32996A81600276578 /* ViewModel.swift */ = {isa = PBXFileReference; lastKnownFileType = sourcecode.swift; path = ViewModel.swift; sourceTree = "<group>"; };
		78D171F52998251000276578 /* Extensions.swift */ = {isa = PBXFileReference; fileEncoding = 4; lastKnownFileType = sourcecode.swift; path = Extensions.swift; sourceTree = "<group>"; };
		78F2E86F2D0A44EF00070F35 /* Enums.swift */ = {isa = PBXFileReference; lastKnownFileType = sourcecode.swift; path = Enums.swift; sourceTree = "<group>"; };
		78F2E8712D0CC28100070F35 /* ErrorView.swift */ = {isa = PBXFileReference; lastKnownFileType = sourcecode.swift; path = ErrorView.swift; sourceTree = "<group>"; };
		78F2E8D92D19EE7200070F35 /* LaunchScreen.storyboard */ = {isa = PBXFileReference; lastKnownFileType = file.storyboard; path = LaunchScreen.storyboard; sourceTree = "<group>"; };
/* End PBXFileReference section */

/* Begin PBXFileSystemSynchronizedRootGroup section */
		787A4EC02DCD650C0064B2A8 /* Views */ = {isa = PBXFileSystemSynchronizedRootGroup; explicitFileTypes = {}; explicitFolders = (); path = Views; sourceTree = "<group>"; };
/* End PBXFileSystemSynchronizedRootGroup section */

/* Begin PBXFrameworksBuildPhase section */
		78D171DB2996A55D00276578 /* Frameworks */ = {
			isa = PBXFrameworksBuildPhase;
			buildActionMask = 2147483647;
			files = (
			);
			runOnlyForDeploymentPostprocessing = 0;
		};
/* End PBXFrameworksBuildPhase section */

/* Begin PBXGroup section */
		78D171D52996A55D00276578 = {
			isa = PBXGroup;
			children = (
				78D171E02996A55D00276578 /* ShoppingListByStore */,
				78D171DF2996A55D00276578 /* Products */,
			);
			sourceTree = "<group>";
		};
		78D171DF2996A55D00276578 /* Products */ = {
			isa = PBXGroup;
			children = (
				78D171DE2996A55D00276578 /* StoreWiseShoppingList.app */,
			);
			name = Products;
			sourceTree = "<group>";
		};
		78D171E02996A55D00276578 /* ShoppingListByStore */ = {
			isa = PBXGroup;
			children = (
				787A4EC02DCD650C0064B2A8 /* Views */,
				78D171E12996A55D00276578 /* ShoppingListByStoreApp.swift */,
				78820E292D2ED4E800AA6807 /* Strings.swift */,
				78F2E8D92D19EE7200070F35 /* LaunchScreen.storyboard */,
				78D171F12996A79A00276578 /* DataModel.swift */,
				78D171F32996A81600276578 /* ViewModel.swift */,
				78F2E8712D0CC28100070F35 /* ErrorView.swift */,
				78F2E86F2D0A44EF00070F35 /* Enums.swift */,
				78D171F52998251000276578 /* Extensions.swift */,
				78D171E52996A55F00276578 /* Assets.xcassets */,
				78D171E72996A55F00276578 /* Preview Content */,
				784AA26B29A6F8340067872C /* Localizable.strings */,
			);
			path = ShoppingListByStore;
			sourceTree = "<group>";
		};
		78D171E72996A55F00276578 /* Preview Content */ = {
			isa = PBXGroup;
			children = (
				78D171E82996A55F00276578 /* Preview Assets.xcassets */,
			);
			path = "Preview Content";
			sourceTree = "<group>";
		};
/* End PBXGroup section */

/* Begin PBXNativeTarget section */
		78D171DD2996A55D00276578 /* StoreWiseShoppingList */ = {
			isa = PBXNativeTarget;
			buildConfigurationList = 78D171EC2996A55F00276578 /* Build configuration list for PBXNativeTarget "StoreWiseShoppingList" */;
			buildPhases = (
				78D171DA2996A55D00276578 /* Sources */,
				78D171DB2996A55D00276578 /* Frameworks */,
				78D171DC2996A55D00276578 /* Resources */,
			);
			buildRules = (
			);
			dependencies = (
			);
			fileSystemSynchronizedGroups = (
				787A4EC02DCD650C0064B2A8 /* Views */,
			);
			name = StoreWiseShoppingList;
			productName = ShoppingListByStore;
			productReference = 78D171DE2996A55D00276578 /* StoreWiseShoppingList.app */;
			productType = "com.apple.product-type.application";
		};
/* End PBXNativeTarget section */

/* Begin PBXProject section */
		78D171D62996A55D00276578 /* Project object */ = {
			isa = PBXProject;
			attributes = {
				BuildIndependentTargetsInParallel = 1;
				LastSwiftUpdateCheck = 1420;
				LastUpgradeCheck = 2600;
				TargetAttributes = {
					78D171DD2996A55D00276578 = {
						CreatedOnToolsVersion = 14.2;
					};
				};
			};
			buildConfigurationList = 78D171D92996A55D00276578 /* Build configuration list for PBXProject "ShoppingListByStore" */;
			compatibilityVersion = "Xcode 14.0";
			developmentRegion = en;
			hasScannedForEncodings = 0;
			knownRegions = (
				en,
				Base,
				de,
			);
			mainGroup = 78D171D52996A55D00276578;
			productRefGroup = 78D171DF2996A55D00276578 /* Products */;
			projectDirPath = "";
			projectRoot = "";
			targets = (
				78D171DD2996A55D00276578 /* StoreWiseShoppingList */,
			);
		};
/* End PBXProject section */

/* Begin PBXResourcesBuildPhase section */
		78D171DC2996A55D00276578 /* Resources */ = {
			isa = PBXResourcesBuildPhase;
			buildActionMask = 2147483647;
			files = (
				78D171E92996A55F00276578 /* Preview Assets.xcassets in Resources */,
				78F2E8DA2D19EE7200070F35 /* LaunchScreen.storyboard in Resources */,
				784AA26929A6F8340067872C /* Localizable.strings in Resources */,
				78D171E62996A55F00276578 /* Assets.xcassets in Resources */,
			);
			runOnlyForDeploymentPostprocessing = 0;
		};
/* End PBXResourcesBuildPhase section */

/* Begin PBXSourcesBuildPhase section */
		78D171DA2996A55D00276578 /* Sources */ = {
			isa = PBXSourcesBuildPhase;
			buildActionMask = 2147483647;
			files = (
				78D171F22996A79A00276578 /* DataModel.swift in Sources */,
				78820E2A2D2ED4E800AA6807 /* Strings.swift in Sources */,
				78D171F62998251000276578 /* Extensions.swift in Sources */,
				78D171F42996A81600276578 /* ViewModel.swift in Sources */,
				78F2E8722D0CC28100070F35 /* ErrorView.swift in Sources */,
				78F2E8702D0A44EF00070F35 /* Enums.swift in Sources */,
				78D171E22996A55D00276578 /* ShoppingListByStoreApp.swift in Sources */,
			);
			runOnlyForDeploymentPostprocessing = 0;
		};
/* End PBXSourcesBuildPhase section */

/* Begin PBXVariantGroup section */
		784AA26B29A6F8340067872C /* Localizable.strings */ = {
			isa = PBXVariantGroup;
			children = (
				78820E942D514B2900AA6807 /* en */,
			);
			name = Localizable.strings;
			sourceTree = "<group>";
		};
/* End PBXVariantGroup section */

/* Begin XCBuildConfiguration section */
		78D171EA2996A55F00276578 /* Debug */ = {
			isa = XCBuildConfiguration;
			buildSettings = {
				ALWAYS_SEARCH_USER_PATHS = NO;
				ASSETCATALOG_COMPILER_GENERATE_SWIFT_ASSET_SYMBOL_EXTENSIONS = YES;
				CLANG_ANALYZER_LOCALIZABILITY_NONLOCALIZED = YES;
				CLANG_ANALYZER_NONNULL = YES;
				CLANG_ANALYZER_NUMBER_OBJECT_CONVERSION = YES_AGGRESSIVE;
				CLANG_CXX_LANGUAGE_STANDARD = "gnu++20";
				CLANG_ENABLE_MODULES = YES;
				CLANG_ENABLE_OBJC_ARC = YES;
				CLANG_ENABLE_OBJC_WEAK = YES;
				CLANG_WARN_BLOCK_CAPTURE_AUTORELEASING = YES;
				CLANG_WARN_BOOL_CONVERSION = YES;
				CLANG_WARN_COMMA = YES;
				CLANG_WARN_CONSTANT_CONVERSION = YES;
				CLANG_WARN_DEPRECATED_OBJC_IMPLEMENTATIONS = YES;
				CLANG_WARN_DIRECT_OBJC_ISA_USAGE = YES_ERROR;
				CLANG_WARN_DOCUMENTATION_COMMENTS = YES;
				CLANG_WARN_EMPTY_BODY = YES;
				CLANG_WARN_ENUM_CONVERSION = YES;
				CLANG_WARN_INFINITE_RECURSION = YES;
				CLANG_WARN_INT_CONVERSION = YES;
				CLANG_WARN_NON_LITERAL_NULL_CONVERSION = YES;
				CLANG_WARN_OBJC_IMPLICIT_RETAIN_SELF = YES;
				CLANG_WARN_OBJC_LITERAL_CONVERSION = YES;
				CLANG_WARN_OBJC_ROOT_CLASS = YES_ERROR;
				CLANG_WARN_QUOTED_INCLUDE_IN_FRAMEWORK_HEADER = YES;
				CLANG_WARN_RANGE_LOOP_ANALYSIS = YES;
				CLANG_WARN_STRICT_PROTOTYPES = YES;
				CLANG_WARN_SUSPICIOUS_MOVE = YES;
				CLANG_WARN_UNGUARDED_AVAILABILITY = YES_AGGRESSIVE;
				CLANG_WARN_UNREACHABLE_CODE = YES;
				CLANG_WARN__DUPLICATE_METHOD_MATCH = YES;
				COPY_PHASE_STRIP = NO;
				DEBUG_INFORMATION_FORMAT = dwarf;
				DEVELOPMENT_TEAM = D4LH7YBWNU;
				ENABLE_STRICT_OBJC_MSGSEND = YES;
				ENABLE_TESTABILITY = YES;
				ENABLE_USER_SCRIPT_SANDBOXING = YES;
				GCC_C_LANGUAGE_STANDARD = gnu11;
				GCC_DYNAMIC_NO_PIC = NO;
				GCC_NO_COMMON_BLOCKS = YES;
				GCC_OPTIMIZATION_LEVEL = 0;
				GCC_PREPROCESSOR_DEFINITIONS = (
					"DEBUG=1",
					"$(inherited)",
				);
				GCC_WARN_64_TO_32_BIT_CONVERSION = YES;
				GCC_WARN_ABOUT_RETURN_TYPE = YES_ERROR;
				GCC_WARN_UNDECLARED_SELECTOR = YES;
				GCC_WARN_UNINITIALIZED_AUTOS = YES_AGGRESSIVE;
				GCC_WARN_UNUSED_FUNCTION = YES;
				GCC_WARN_UNUSED_VARIABLE = YES;
				IPHONEOS_DEPLOYMENT_TARGET = 17.6;
				MTL_ENABLE_DEBUG_INFO = INCLUDE_SOURCE;
				MTL_FAST_MATH = YES;
				ONLY_ACTIVE_ARCH = YES;
				SDKROOT = iphoneos;
				STRING_CATALOG_GENERATE_SYMBOLS = YES;
				SWIFT_ACTIVE_COMPILATION_CONDITIONS = DEBUG;
				SWIFT_OPTIMIZATION_LEVEL = "-Onone";
			};
			name = Debug;
		};
		78D171EB2996A55F00276578 /* Release */ = {
			isa = XCBuildConfiguration;
			buildSettings = {
				ALWAYS_SEARCH_USER_PATHS = NO;
				ASSETCATALOG_COMPILER_GENERATE_SWIFT_ASSET_SYMBOL_EXTENSIONS = YES;
				CLANG_ANALYZER_LOCALIZABILITY_NONLOCALIZED = YES;
				CLANG_ANALYZER_NONNULL = YES;
				CLANG_ANALYZER_NUMBER_OBJECT_CONVERSION = YES_AGGRESSIVE;
				CLANG_CXX_LANGUAGE_STANDARD = "gnu++20";
				CLANG_ENABLE_MODULES = YES;
				CLANG_ENABLE_OBJC_ARC = YES;
				CLANG_ENABLE_OBJC_WEAK = YES;
				CLANG_WARN_BLOCK_CAPTURE_AUTORELEASING = YES;
				CLANG_WARN_BOOL_CONVERSION = YES;
				CLANG_WARN_COMMA = YES;
				CLANG_WARN_CONSTANT_CONVERSION = YES;
				CLANG_WARN_DEPRECATED_OBJC_IMPLEMENTATIONS = YES;
				CLANG_WARN_DIRECT_OBJC_ISA_USAGE = YES_ERROR;
				CLANG_WARN_DOCUMENTATION_COMMENTS = YES;
				CLANG_WARN_EMPTY_BODY = YES;
				CLANG_WARN_ENUM_CONVERSION = YES;
				CLANG_WARN_INFINITE_RECURSION = YES;
				CLANG_WARN_INT_CONVERSION = YES;
				CLANG_WARN_NON_LITERAL_NULL_CONVERSION = YES;
				CLANG_WARN_OBJC_IMPLICIT_RETAIN_SELF = YES;
				CLANG_WARN_OBJC_LITERAL_CONVERSION = YES;
				CLANG_WARN_OBJC_ROOT_CLASS = YES_ERROR;
				CLANG_WARN_QUOTED_INCLUDE_IN_FRAMEWORK_HEADER = YES;
				CLANG_WARN_RANGE_LOOP_ANALYSIS = YES;
				CLANG_WARN_STRICT_PROTOTYPES = YES;
				CLANG_WARN_SUSPICIOUS_MOVE = YES;
				CLANG_WARN_UNGUARDED_AVAILABILITY = YES_AGGRESSIVE;
				CLANG_WARN_UNREACHABLE_CODE = YES;
				CLANG_WARN__DUPLICATE_METHOD_MATCH = YES;
				COPY_PHASE_STRIP = NO;
				DEBUG_INFORMATION_FORMAT = "dwarf-with-dsym";
				DEVELOPMENT_TEAM = D4LH7YBWNU;
				ENABLE_NS_ASSERTIONS = NO;
				ENABLE_STRICT_OBJC_MSGSEND = YES;
				ENABLE_USER_SCRIPT_SANDBOXING = YES;
				GCC_C_LANGUAGE_STANDARD = gnu11;
				GCC_NO_COMMON_BLOCKS = YES;
				GCC_WARN_64_TO_32_BIT_CONVERSION = YES;
				GCC_WARN_ABOUT_RETURN_TYPE = YES_ERROR;
				GCC_WARN_UNDECLARED_SELECTOR = YES;
				GCC_WARN_UNINITIALIZED_AUTOS = YES_AGGRESSIVE;
				GCC_WARN_UNUSED_FUNCTION = YES;
				GCC_WARN_UNUSED_VARIABLE = YES;
				IPHONEOS_DEPLOYMENT_TARGET = 17.6;
				MTL_ENABLE_DEBUG_INFO = NO;
				MTL_FAST_MATH = YES;
				SDKROOT = iphoneos;
				STRING_CATALOG_GENERATE_SYMBOLS = YES;
				SWIFT_COMPILATION_MODE = wholemodule;
				SWIFT_OPTIMIZATION_LEVEL = "-O";
				VALIDATE_PRODUCT = YES;
			};
			name = Release;
		};
		78D171ED2996A55F00276578 /* Debug */ = {
			isa = XCBuildConfiguration;
			buildSettings = {
				ASSETCATALOG_COMPILER_APPICON_NAME = AppIcon;
				ASSETCATALOG_COMPILER_GLOBAL_ACCENT_COLOR_NAME = AccentColor;
				CODE_SIGN_IDENTITY = "Apple Development";
				CODE_SIGN_STYLE = Automatic;
				CURRENT_PROJECT_VERSION = 17;
				DEVELOPMENT_ASSET_PATHS = "\"ShoppingListByStore/Preview Content\"";
				ENABLE_PREVIEWS = YES;
				GENERATE_INFOPLIST_FILE = YES;
				INFOPLIST_KEY_CFBundleDisplayName = StoreWiseShoppingList;
				INFOPLIST_KEY_LSApplicationCategoryType = "public.app-category.shopping";
				INFOPLIST_KEY_UIApplicationSceneManifest_Generation = YES;
				INFOPLIST_KEY_UIApplicationSupportsIndirectInputEvents = YES;
				INFOPLIST_KEY_UILaunchScreen_Generation = YES;
				INFOPLIST_KEY_UILaunchStoryboardName = LaunchScreen;
				INFOPLIST_KEY_UISupportedInterfaceOrientations_iPad = "UIInterfaceOrientationPortrait UIInterfaceOrientationPortraitUpsideDown UIInterfaceOrientationLandscapeLeft UIInterfaceOrientationLandscapeRight";
				INFOPLIST_KEY_UISupportedInterfaceOrientations_iPhone = "UIInterfaceOrientationPortrait UIInterfaceOrientationLandscapeLeft UIInterfaceOrientationLandscapeRight";
				IPHONEOS_DEPLOYMENT_TARGET = 16.4;
				LD_RUNPATH_SEARCH_PATHS = (
					"$(inherited)",
					"@executable_path/Frameworks",
				);
				MARKETING_VERSION = 1.0;
				PRODUCT_BUNDLE_IDENTIFIER = com.example.ShoppingListByStore;
				PRODUCT_NAME = "$(TARGET_NAME)";
				PROVISIONING_PROFILE_SPECIFIER = "";
				SUPPORTED_PLATFORMS = "iphoneos iphonesimulator";
				SUPPORTS_MACCATALYST = NO;
				SUPPORTS_MAC_DESIGNED_FOR_IPHONE_IPAD = NO;
				SUPPORTS_XR_DESIGNED_FOR_IPHONE_IPAD = NO;
				SWIFT_EMIT_LOC_STRINGS = YES;
				SWIFT_VERSION = 5.0;
				TARGETED_DEVICE_FAMILY = 1;
			};
			name = Debug;
		};
		78D171EE2996A55F00276578 /* Release */ = {
			isa = XCBuildConfiguration;
			buildSettings = {
				ASSETCATALOG_COMPILER_APPICON_NAME = AppIcon;
				ASSETCATALOG_COMPILER_GLOBAL_ACCENT_COLOR_NAME = AccentColor;
				CODE_SIGN_IDENTITY = "Apple Development";
				CODE_SIGN_STYLE = Automatic;
				CURRENT_PROJECT_VERSION = 17;
				DEVELOPMENT_ASSET_PATHS = "\"ShoppingListByStore/Preview Content\"";
				ENABLE_PREVIEWS = YES;
				GENERATE_INFOPLIST_FILE = YES;
				INFOPLIST_KEY_CFBundleDisplayName = StoreWiseShoppingList;
				INFOPLIST_KEY_LSApplicationCategoryType = "public.app-category.shopping";
				INFOPLIST_KEY_UIApplicationSceneManifest_Generation = YES;
				INFOPLIST_KEY_UIApplicationSupportsIndirectInputEvents = YES;
				INFOPLIST_KEY_UILaunchScreen_Generation = YES;
				INFOPLIST_KEY_UILaunchStoryboardName = LaunchScreen;
				INFOPLIST_KEY_UISupportedInterfaceOrientations_iPad = "UIInterfaceOrientationPortrait UIInterfaceOrientationPortraitUpsideDown UIInterfaceOrientationLandscapeLeft UIInterfaceOrientationLandscapeRight";
				INFOPLIST_KEY_UISupportedInterfaceOrientations_iPhone = "UIInterfaceOrientationPortrait UIInterfaceOrientationLandscapeLeft UIInterfaceOrientationLandscapeRight";
				IPHONEOS_DEPLOYMENT_TARGET = 16.4;
				LD_RUNPATH_SEARCH_PATHS = (
					"$(inherited)",
					"@executable_path/Frameworks",
				);
				MARKETING_VERSION = 1.0;
				PRODUCT_BUNDLE_IDENTIFIER = com.example.ShoppingListByStore;
				PRODUCT_NAME = "$(TARGET_NAME)";
				PROVISIONING_PROFILE_SPECIFIER = "";
				SUPPORTED_PLATFORMS = "iphoneos iphonesimulator";
				SUPPORTS_MACCATALYST = NO;
				SUPPORTS_MAC_DESIGNED_FOR_IPHONE_IPAD = NO;
				SUPPORTS_XR_DESIGNED_FOR_IPHONE_IPAD = NO;
				SWIFT_EMIT_LOC_STRINGS = YES;
				SWIFT_VERSION = 5.0;
				TARGETED_DEVICE_FAMILY = 1;
			};
			name = Release;
		};
/* End XCBuildConfiguration section */

/* Begin XCConfigurationList section */
		78D171D92996A55D00276578 /* Build configuration list for PBXProject "ShoppingListByStore" */ = {
			isa = XCConfigurationList;
			buildConfigurations = (
				78D171EA2996A55F00276578 /* Debug */,
				78D171EB2996A55F00276578 /* Release */,
			);
			defaultConfigurationIsVisible = 0;
			defaultConfigurationName = Release;
		};
		78D171EC2996A55F00276578 /* Build configuration list for PBXNativeTarget "StoreWiseShoppingList" */ = {
			isa = XCConfigurationList;
			buildConfigurations = (
				78D171ED2996A55F00276578 /* Debug */,
				78D171EE2996A55F00276578 /* Release */,
			);
			defaultConfigurationIsVisible = 0;
			defaultConfigurationName = Release;
		};
/* End XCConfigurationList section */
	};
	rootObject = 78D171D62996A55D00276578 /* Project object */;
}
